schema: '2.0'
stages:
  data_ingestion:
    cmd: python src/chestCancerClassifier/pipeline/stage_01_data_ingestion.py
    deps:
    - path: config/config.yaml
      hash: md5
      md5: d8785b8e88f4fb52522876ff5f372300
      size: 562
    - path: src/chestCancerClassifier/pipeline/stage_01_data_ingestion.py
      hash: md5
      md5: 5fdedd89e84de9746d4a9f7f512debf2
      size: 930
    outs:
    - path: artifacts/data_ingestion/Data
      hash: md5
      md5: 3ddc2c0e262e947578d73eeec3119af6.dir
      size: 124956798
      nfiles: 1000
  prepare_base_model:
    cmd: python src/chestCancerClassifier/pipeline/stage_02_prepare_base_model.py
    deps:
    - path: config/config.yaml
      hash: md5
      md5: d8785b8e88f4fb52522876ff5f372300
      size: 562
    - path: src/chestCancerClassifier/pipeline/stage_02_prepare_base_model.py
      hash: md5
      md5: 858cd47093eb5dd2512d260622d47530
      size: 976
    params:
      params.yaml:
        CLASSES: 2
        IMAGE_SIZE:
        - 224
        - 224
        - 3
        INCLUDE_TOP: false
        LEARNING_RATE: 0.01
        WEIGHTS: imagenet
    outs:
    - path: artifacts/prepare_base_model
      hash: md5
      md5: c1caa16a8b70456ce7ee200e45675630.dir
      size: 118054560
      nfiles: 2
  training:
    cmd: python src/chestCancerClassifier/pipeline/stage_03_model_trainer.py
    deps:
    - path: artifacts/data_ingestion/Data
      hash: md5
      md5: 1d335b9a4493a53dd6e8839a534564f6.dir
      size: 153971018
      nfiles: 1174
    - path: artifacts/prepare_base_model
      hash: md5
      md5: c1caa16a8b70456ce7ee200e45675630.dir
      size: 118054560
      nfiles: 2
    - path: config/config.yaml
      hash: md5
      md5: d8785b8e88f4fb52522876ff5f372300
      size: 562
    - path: src/chestCancerClassifier/pipeline/stage_03_model_trainer.py
      hash: md5
      md5: 6b67b0b7cd0b644f889a66eea5891e0f
      size: 886
    params:
      params.yaml:
        AUGMENTATION: true
        BATCH_SIZE: 16
        EPOCHS: 1
        IMAGE_SIZE:
        - 224
        - 224
        - 3
    outs:
    - path: artifacts/training/model.h5
      hash: md5
      md5: eb5c0a738033b518cf63d3b295fe5713
      size: 59337520
  evaluation:
    cmd: python src/chestCancerClassifier/pipeline/stage_04_model_evaluation_with_mlflow.py
    deps:
    - path: artifacts/data_ingestion/Data/new
      hash: md5
      md5: 21abb80026967e24b77683e3baac73cf.dir
      size: 29014220
      nfiles: 174
    - path: artifacts/training/model.h5
      hash: md5
      md5: eb5c0a738033b518cf63d3b295fe5713
      size: 59337520
    - path: config/config.yaml
      hash: md5
      md5: d8785b8e88f4fb52522876ff5f372300
      size: 562
    - path: src/chestCancerClassifier/pipeline/stage_04_model_evaluation_with_mlflow.py
      hash: md5
      md5: 54d29e765be3e97417e204da32e71a89
      size: 985
    params:
      params.yaml:
        BATCH_SIZE: 16
        IMAGE_SIZE:
        - 224
        - 224
        - 3
    outs:
    - path: scores.json
      hash: md5
      md5: 91dc0cb63e43e1f341458d256132b289
      size: 72
